{
  "projects": [
    {
      "projectId": "gerk99sqDLqAi3xSqDhGNs",
      "version": "latest",
      "dependencies": {},
      "lang": "ts",
      "fileLocks": [
        {
          "type": "globalVariant",
          "assetId": "FdBq7Zk73tmz",
          "checksum": "cd34f51ca7178ed5e2c1a6b529d047bd"
        },
        {
          "type": "renderModule",
          "assetId": "bJOR6A1G0Y6",
          "checksum": "820c502df630524c0aa14795f9be09c9"
        },
        {
          "type": "cssRules",
          "assetId": "bJOR6A1G0Y6",
          "checksum": "820c502df630524c0aa14795f9be09c9"
        },
        {
          "type": "renderModule",
          "assetId": "VJAoJHfiRt",
          "checksum": "96205f3cea10d47d2dfdd33dccba88ef"
        },
        {
          "type": "cssRules",
          "assetId": "VJAoJHfiRt",
          "checksum": "96205f3cea10d47d2dfdd33dccba88ef"
        },
        {
          "type": "renderModule",
          "assetId": "4xq6KX_FCQ",
          "checksum": "fa94d3d7c538d104620f8d33a8bce813"
        },
        {
          "type": "cssRules",
          "assetId": "4xq6KX_FCQ",
          "checksum": "fa94d3d7c538d104620f8d33a8bce813"
        },
        {
          "type": "icon",
          "assetId": "E0yJQNlPk9",
          "checksum": "457a306ccb32a63e7f0c3cc5b860a035"
        },
        {
          "type": "icon",
          "assetId": "X_VrYnSbgs",
          "checksum": "db7389a32ff6d410158814c07806c0d3"
        },
        {
          "type": "icon",
          "assetId": "RXMUG7azNn",
          "checksum": "2eba4c3e984b07ecd7501c90f00facc8"
        },
        {
          "type": "icon",
          "assetId": "2cUvZC8goR",
          "checksum": "6f1f5131f07e41d1366d83587a1e47b8"
        },
        {
          "type": "icon",
          "assetId": "GQWJstYa6V",
          "checksum": "5fd9e7294fbd60dc2a047c5eec2be11e"
        },
        {
          "type": "renderModule",
          "assetId": "TPLQbpBjjU",
          "checksum": "45bfbf103c82086314afc01279c69ac5"
        },
        {
          "type": "cssRules",
          "assetId": "TPLQbpBjjU",
          "checksum": "45bfbf103c82086314afc01279c69ac5"
        },
        {
          "type": "renderModule",
          "assetId": "B3F684OR7c",
          "checksum": "5b217bba2e16d65960f928581b365005"
        },
        {
          "type": "cssRules",
          "assetId": "B3F684OR7c",
          "checksum": "5b217bba2e16d65960f928581b365005"
        },
        {
          "type": "renderModule",
          "assetId": "Zx9A6DxqtB",
          "checksum": "5118f01152f67df676264116a86b0434"
        },
        {
          "type": "cssRules",
          "assetId": "Zx9A6DxqtB",
          "checksum": "5118f01152f67df676264116a86b0434"
        },
        {
          "type": "renderModule",
          "assetId": "gLt5fbNKMG",
          "checksum": "ffe30b11163736e20ace485c0eddae3b"
        },
        {
          "type": "cssRules",
          "assetId": "gLt5fbNKMG",
          "checksum": "ffe30b11163736e20ace485c0eddae3b"
        },
        {
          "type": "renderModule",
          "assetId": "b-yBAoSFVG",
          "checksum": "b0431381a327e96b0a71174ad2250e28"
        },
        {
          "type": "cssRules",
          "assetId": "b-yBAoSFVG",
          "checksum": "b0431381a327e96b0a71174ad2250e28"
        },
        {
          "type": "icon",
          "assetId": "Daa5zZP-A",
          "checksum": "34a0581b08dfe3d3d0f4fc50a8dc598e"
        },
        {
          "type": "icon",
          "assetId": "hTfKAKd01",
          "checksum": "c8710075bafa123b332fc42dacdd2e2c"
        },
        {
          "type": "icon",
          "assetId": "znmH5d3Ur",
          "checksum": "8763ff2f89b40c74443e3f4be5abf093"
        },
        {
          "type": "icon",
          "assetId": "JCI1jingh",
          "checksum": "5224f4dd388cfb0ff4c946f08bf4e6b4"
        },
        {
          "type": "renderModule",
          "assetId": "j6IfZ_mJCm",
          "checksum": "831efcece3c3bd3e2376d2e1df063f73"
        },
        {
          "type": "cssRules",
          "assetId": "j6IfZ_mJCm",
          "checksum": "831efcece3c3bd3e2376d2e1df063f73"
        },
        {
          "type": "renderModule",
          "assetId": "az5Tv6-qkFR",
          "checksum": "5e399270c7a125e6774ecf8acb355012"
        },
        {
          "type": "cssRules",
          "assetId": "az5Tv6-qkFR",
          "checksum": "5e399270c7a125e6774ecf8acb355012"
        },
        {
          "type": "renderModule",
          "assetId": "d1IXvSf1Cl",
          "checksum": "591c3e79167659e84024c08c2ff39137"
        },
        {
          "type": "cssRules",
          "assetId": "d1IXvSf1Cl",
          "checksum": "591c3e79167659e84024c08c2ff39137"
        },
        {
          "type": "renderModule",
          "assetId": "Uta01PJWGq",
          "checksum": "b27aaab06a71a8462b9717b81eed0499"
        },
        {
          "type": "cssRules",
          "assetId": "Uta01PJWGq",
          "checksum": "b27aaab06a71a8462b9717b81eed0499"
        },
        {
          "type": "icon",
          "assetId": "SZMvTzr6S",
          "checksum": "3f3a2fe6815ab4de03844f5e0bc750a0"
        },
        {
          "type": "image",
          "assetId": "2YGQ7HCH6",
          "checksum": "23fa8181a56ba24078ed2133f9a804e4"
        },
        {
          "type": "renderModule",
          "assetId": "NpvwRoKper",
          "checksum": "533b3cfdbb6f67ffe8ba1dbe16ee15a5"
        },
        {
          "type": "cssRules",
          "assetId": "NpvwRoKper",
          "checksum": "533b3cfdbb6f67ffe8ba1dbe16ee15a5"
        },
        {
          "type": "renderModule",
          "assetId": "pyA9tk4uHk",
          "checksum": "629046ef1e118f479b4be720c481d4df"
        },
        {
          "type": "cssRules",
          "assetId": "pyA9tk4uHk",
          "checksum": "629046ef1e118f479b4be720c481d4df"
        },
        {
          "assetId": "gerk99sqDLqAi3xSqDhGNs",
          "type": "projectCss",
          "checksum": "ea43a7299243149b84ede71aabea0cdf"
        }
      ],
      "codegenVersion": "0.0.1"
    },
    {
      "projectId": "YUiM7yqBWAqsh8KSnrdj7",
      "version": "0.9.0",
      "dependencies": {},
      "lang": "ts",
      "fileLocks": [
        {
          "assetId": "YUiM7yqBWAqsh8KSnrdj7",
          "type": "projectCss",
          "checksum": "6be9dbec891937cda3b59d2fd3c44796"
        }
      ],
      "codegenVersion": "0.0.1"
    }
  ],
  "cliVersion": "0.1.190"
}
